
Microsoft Visual Studio Solution File, Format Version 12.00
# Visual Studio Version 17
VisualStudioVersion = 17.8.34330.188
MinimumVisualStudioVersion = 10.0.40219.1
Project("{9A19103F-16F7-4668-BE54-9A1E7A4F7556}") = "BlazorDebugRepo.Server", "BlazorDebugRepo\Server\BlazorDebugRepo.Server.csproj", "{80293BDC-B716-48A0-8C57-D2E451D210D5}"
EndProject
Project("{9A19103F-16F7-4668-BE54-9A1E7A4F7556}") = "BlazorDebugRepo.Client", "BlazorDebugRepo\Client\BlazorDebugRepo.Client.csproj", "{6CE62763-B5CC-4B7A-8829-FA9BA8819CC8}"
EndProject
Global
	GlobalSection(SolutionConfigurationPlatforms) = preSolution
		Debug|Any CPU = Debug|Any CPU
		Release|Any CPU = Release|Any CPU
	EndGlobalSection
	GlobalSection(ProjectConfigurationPlatforms) = postSolution
		{80293BDC-B716-48A0-8C57-D2E451D210D5}.Debug|Any CPU.ActiveCfg = Debug|Any CPU
		{80293BDC-B716-48A0-8C57-D2E451D210D5}.Debug|Any CPU.Build.0 = Debug|Any CPU
		{80293BDC-B716-48A0-8C57-D2E451D210D5}.Release|Any CPU.ActiveCfg = Release|Any CPU
		{80293BDC-B716-48A0-8C57-D2E451D210D5}.Release|Any CPU.Build.0 = Release|Any CPU
		{6CE62763-B5CC-4B7A-8829-FA9BA8819CC8}.Debug|Any CPU.ActiveCfg = Debug|Any CPU
		{6CE62763-B5CC-4B7A-8829-FA9BA8819CC8}.Debug|Any CPU.Build.0 = Debug|Any CPU
		{6CE62763-B5CC-4B7A-8829-FA9BA8819CC8}.Release|Any CPU.ActiveCfg = Release|Any CPU
		{6CE62763-B5CC-4B7A-8829-FA9BA8819CC8}.Release|Any CPU.Build.0 = Release|Any CPU
	EndGlobalSection
	GlobalSection(SolutionProperties) = preSolution
		HideSolutionNode = FALSE
	EndGlobalSection
	GlobalSection(ExtensibilityGlobals) = postSolution
		SolutionGuid = {E4024CC7-9FE1-45F2-AAF4-E755DC40B98A}
	EndGlobalSection
EndGlobal
